// !$*UTF8*$!
{
	archiveVersion = 1;
	classes = {
	};
	objectVersion = 46;
	objects = {

/* Begin PBXBuildFile section */
		093B4C791E6DE26A00A769E6 /* Podfile in Resources */ = {isa = PBXBuildFile; fileRef = 093B4C781E6DE26A00A769E6 /* Podfile */; };
		093B4C7B1E6DE37300A769E6 /* APIHELPERS.swift in Sources */ = {isa = PBXBuildFile; fileRef = 093B4C7A1E6DE37300A769E6 /* APIHELPERS.swift */; };
		093B4C7D1E6DE4D800A769E6 /* API_UTILS.swift in Sources */ = {isa = PBXBuildFile; fileRef = 093B4C7C1E6DE4D800A769E6 /* API_UTILS.swift */; };
		093B4C831E6DE75100A769E6 /* Alamofire.framework in Frameworks */ = {isa = PBXBuildFile; fileRef = 093B4C7E1E6DE75100A769E6 /* Alamofire.framework */; };
		093B4C841E6DE75100A769E6 /* Kingfisher.framework in Frameworks */ = {isa = PBXBuildFile; fileRef = 093B4C7F1E6DE75100A769E6 /* Kingfisher.framework */; };
		093B4C851E6DE75100A769E6 /* PKHUD.framework in Frameworks */ = {isa = PBXBuildFile; fileRef = 093B4C801E6DE75100A769E6 /* PKHUD.framework */; };
		093B4C861E6DE75100A769E6 /* PromiseKit.framework in Frameworks */ = {isa = PBXBuildFile; fileRef = 093B4C811E6DE75100A769E6 /* PromiseKit.framework */; };
		093B4C871E6DE75100A769E6 /* SwiftyJSON.framework in Frameworks */ = {isa = PBXBuildFile; fileRef = 093B4C821E6DE75100A769E6 /* SwiftyJSON.framework */; };
		093B4C8A1E6DE7C500A769E6 /* BMParserNoticias.swift in Sources */ = {isa = PBXBuildFile; fileRef = 093B4C891E6DE7C500A769E6 /* BMParserNoticias.swift */; };
		093B4C8D1E6DEA5500A769E6 /* BMNoticiasModel.swift in Sources */ = {isa = PBXBuildFile; fileRef = 093B4C8C1E6DEA5500A769E6 /* BMNoticiasModel.swift */; };
		093B4C911E6DF37200A769E6 /* BMListaNoticiasTableViewController.swift in Sources */ = {isa = PBXBuildFile; fileRef = 093B4C901E6DF37200A769E6 /* BMListaNoticiasTableViewController.swift */; };
		093B4C961E6DF3C300A769E6 /* BMNoticiaCustomCell.swift in Sources */ = {isa = PBXBuildFile; fileRef = 093B4C941E6DF3C300A769E6 /* BMNoticiaCustomCell.swift */; };
		093B4C971E6DF3C300A769E6 /* BMNoticiaCustomCell.xib in Resources */ = {isa = PBXBuildFile; fileRef = 093B4C951E6DF3C300A769E6 /* BMNoticiaCustomCell.xib */; };
		093B4C991E6E026C00A769E6 /* BMImdbModel.swift in Sources */ = {isa = PBXBuildFile; fileRef = 093B4C981E6E026C00A769E6 /* BMImdbModel.swift */; };
		0943C43D1E7081AE002FD0A2 /* BMParserOmDb.swift in Sources */ = {isa = PBXBuildFile; fileRef = 0943C43C1E7081AE002FD0A2 /* BMParserOmDb.swift */; };
		0943C4401E708658002FD0A2 /* BMOmdbTableViewController.swift in Sources */ = {isa = PBXBuildFile; fileRef = 0943C43F1E708658002FD0A2 /* BMOmdbTableViewController.swift */; };
		0943C4431E708689002FD0A2 /* BMPosterOmdbCustomCell.swift in Sources */ = {isa = PBXBuildFile; fileRef = 0943C4411E708689002FD0A2 /* BMPosterOmdbCustomCell.swift */; };
		0943C4441E708689002FD0A2 /* BMPosterOmdbCustomCell.xib in Resources */ = {isa = PBXBuildFile; fileRef = 0943C4421E708689002FD0A2 /* BMPosterOmdbCustomCell.xib */; };
		096D5AC51E64A9D0000AD5DE /* SWRevealViewController.m in Sources */ = {isa = PBXBuildFile; fileRef = 096D5AC41E64A9D0000AD5DE /* SWRevealViewController.m */; };
		096D5AC91E64B0B6000AD5DE /* MapKit.framework in Frameworks */ = {isa = PBXBuildFile; fileRef = 096D5AC81E64B0B6000AD5DE /* MapKit.framework */; };
		88B1AD0D1E63713700E0D324 /* AppDelegate.swift in Sources */ = {isa = PBXBuildFile; fileRef = 88B1AD0C1E63713700E0D324 /* AppDelegate.swift */; };
		88B1AD0F1E63713700E0D324 /* BMPosicionActualViewController.swift in Sources */ = {isa = PBXBuildFile; fileRef = 88B1AD0E1E63713700E0D324 /* BMPosicionActualViewController.swift */; };
		88B1AD121E63713700E0D324 /* Main.storyboard in Resources */ = {isa = PBXBuildFile; fileRef = 88B1AD101E63713700E0D324 /* Main.storyboard */; };
		88B1AD141E63713700E0D324 /* Assets.xcassets in Resources */ = {isa = PBXBuildFile; fileRef = 88B1AD131E63713700E0D324 /* Assets.xcassets */; };
		88B1AD171E63713700E0D324 /* LaunchScreen.storyboard in Resources */ = {isa = PBXBuildFile; fileRef = 88B1AD151E63713700E0D324 /* LaunchScreen.storyboard */; };
		88B1AD211E637E0700E0D324 /* bares.jpg in Resources */ = {isa = PBXBuildFile; fileRef = 88B1AD201E637E0700E0D324 /* bares.jpg */; };
		D1F2B2567B8555C46F923EA6 /* Pods_APP_BaresdeMadrid.framework in Frameworks */ = {isa = PBXBuildFile; fileRef = 88991DF53D731237C8D4F147 /* Pods_APP_BaresdeMadrid.framework */; };
/* End PBXBuildFile section */

/* Begin PBXFileReference section */
		093B4C781E6DE26A00A769E6 /* Podfile */ = {isa = PBXFileReference; fileEncoding = 4; lastKnownFileType = text; path = Podfile; sourceTree = "<group>"; xcLanguageSpecificationIdentifier = xcode.lang.ruby; };
		093B4C7A1E6DE37300A769E6 /* APIHELPERS.swift */ = {isa = PBXFileReference; fileEncoding = 4; lastKnownFileType = sourcecode.swift; path = APIHELPERS.swift; sourceTree = "<group>"; };
		093B4C7C1E6DE4D800A769E6 /* API_UTILS.swift */ = {isa = PBXFileReference; fileEncoding = 4; lastKnownFileType = sourcecode.swift; path = API_UTILS.swift; sourceTree = "<group>"; };
		093B4C7E1E6DE75100A769E6 /* Alamofire.framework */ = {isa = PBXFileReference; lastKnownFileType = wrapper.framework; name = Alamofire.framework; path = "../../../../../../../../Users/cice/Library/Developer/Xcode/DerivedData/APP_BaresdeMadrid-dryflgdybkgfraarijzggcuhoslh/Build/Products/Debug-iphonesimulator/Alamofire/Alamofire.framework"; sourceTree = "<group>"; };
		093B4C7F1E6DE75100A769E6 /* Kingfisher.framework */ = {isa = PBXFileReference; lastKnownFileType = wrapper.framework; name = Kingfisher.framework; path = "../../../../../../../../Users/cice/Library/Developer/Xcode/DerivedData/APP_BaresdeMadrid-dryflgdybkgfraarijzggcuhoslh/Build/Products/Debug-iphonesimulator/Kingfisher/Kingfisher.framework"; sourceTree = "<group>"; };
		093B4C801E6DE75100A769E6 /* PKHUD.framework */ = {isa = PBXFileReference; lastKnownFileType = wrapper.framework; name = PKHUD.framework; path = "../../../../../../../../Users/cice/Library/Developer/Xcode/DerivedData/APP_BaresdeMadrid-dryflgdybkgfraarijzggcuhoslh/Build/Products/Debug-iphonesimulator/PKHUD/PKHUD.framework"; sourceTree = "<group>"; };
		093B4C811E6DE75100A769E6 /* PromiseKit.framework */ = {isa = PBXFileReference; lastKnownFileType = wrapper.framework; name = PromiseKit.framework; path = "../../../../../../../../Users/cice/Library/Developer/Xcode/DerivedData/APP_BaresdeMadrid-dryflgdybkgfraarijzggcuhoslh/Build/Products/Debug-iphonesimulator/PromiseKit/PromiseKit.framework"; sourceTree = "<group>"; };
		093B4C821E6DE75100A769E6 /* SwiftyJSON.framework */ = {isa = PBXFileReference; lastKnownFileType = wrapper.framework; name = SwiftyJSON.framework; path = "../../../../../../../../Users/cice/Library/Developer/Xcode/DerivedData/APP_BaresdeMadrid-dryflgdybkgfraarijzggcuhoslh/Build/Products/Debug-iphonesimulator/SwiftyJSON/SwiftyJSON.framework"; sourceTree = "<group>"; };
		093B4C891E6DE7C500A769E6 /* BMParserNoticias.swift */ = {isa = PBXFileReference; fileEncoding = 4; lastKnownFileType = sourcecode.swift; path = BMParserNoticias.swift; sourceTree = "<group>"; };
		093B4C8C1E6DEA5500A769E6 /* BMNoticiasModel.swift */ = {isa = PBXFileReference; fileEncoding = 4; lastKnownFileType = sourcecode.swift; path = BMNoticiasModel.swift; sourceTree = "<group>"; };
		093B4C901E6DF37200A769E6 /* BMListaNoticiasTableViewController.swift */ = {isa = PBXFileReference; fileEncoding = 4; lastKnownFileType = sourcecode.swift; path = BMListaNoticiasTableViewController.swift; sourceTree = "<group>"; };
		093B4C941E6DF3C300A769E6 /* BMNoticiaCustomCell.swift */ = {isa = PBXFileReference; fileEncoding = 4; lastKnownFileType = sourcecode.swift; path = BMNoticiaCustomCell.swift; sourceTree = "<group>"; };
		093B4C951E6DF3C300A769E6 /* BMNoticiaCustomCell.xib */ = {isa = PBXFileReference; fileEncoding = 4; lastKnownFileType = file.xib; path = BMNoticiaCustomCell.xib; sourceTree = "<group>"; };
		093B4C981E6E026C00A769E6 /* BMImdbModel.swift */ = {isa = PBXFileReference; fileEncoding = 4; lastKnownFileType = sourcecode.swift; path = BMImdbModel.swift; sourceTree = "<group>"; };
		0943C43C1E7081AE002FD0A2 /* BMParserOmDb.swift */ = {isa = PBXFileReference; fileEncoding = 4; lastKnownFileType = sourcecode.swift; path = BMParserOmDb.swift; sourceTree = "<group>"; };
		0943C43F1E708658002FD0A2 /* BMOmdbTableViewController.swift */ = {isa = PBXFileReference; fileEncoding = 4; lastKnownFileType = sourcecode.swift; path = BMOmdbTableViewController.swift; sourceTree = "<group>"; };
		0943C4411E708689002FD0A2 /* BMPosterOmdbCustomCell.swift */ = {isa = PBXFileReference; fileEncoding = 4; lastKnownFileType = sourcecode.swift; path = BMPosterOmdbCustomCell.swift; sourceTree = "<group>"; };
		0943C4421E708689002FD0A2 /* BMPosterOmdbCustomCell.xib */ = {isa = PBXFileReference; fileEncoding = 4; lastKnownFileType = file.xib; path = BMPosterOmdbCustomCell.xib; sourceTree = "<group>"; };
		096D5AC21E64A9CF000AD5DE /* APP_BaresdeMadrid-Bridging-Header.h */ = {isa = PBXFileReference; lastKnownFileType = sourcecode.c.h; path = "APP_BaresdeMadrid-Bridging-Header.h"; sourceTree = "<group>"; };
		096D5AC31E64A9D0000AD5DE /* SWRevealViewController.h */ = {isa = PBXFileReference; fileEncoding = 4; lastKnownFileType = sourcecode.c.h; path = SWRevealViewController.h; sourceTree = "<group>"; };
		096D5AC41E64A9D0000AD5DE /* SWRevealViewController.m */ = {isa = PBXFileReference; fileEncoding = 4; lastKnownFileType = sourcecode.c.objc; path = SWRevealViewController.m; sourceTree = "<group>"; };
		096D5AC81E64B0B6000AD5DE /* MapKit.framework */ = {isa = PBXFileReference; lastKnownFileType = wrapper.framework; name = MapKit.framework; path = System/Library/Frameworks/MapKit.framework; sourceTree = SDKROOT; };
		59AD794961C13BFC1235D1E8 /* Pods-APP_BaresdeMadrid.release.xcconfig */ = {isa = PBXFileReference; includeInIndex = 1; lastKnownFileType = text.xcconfig; name = "Pods-APP_BaresdeMadrid.release.xcconfig"; path = "Pods/Target Support Files/Pods-APP_BaresdeMadrid/Pods-APP_BaresdeMadrid.release.xcconfig"; sourceTree = "<group>"; };
		6EE2C812FB9E75B8EC934AA4 /* Pods-APP_BaresdeMadrid.debug.xcconfig */ = {isa = PBXFileReference; includeInIndex = 1; lastKnownFileType = text.xcconfig; name = "Pods-APP_BaresdeMadrid.debug.xcconfig"; path = "Pods/Target Support Files/Pods-APP_BaresdeMadrid/Pods-APP_BaresdeMadrid.debug.xcconfig"; sourceTree = "<group>"; };
		88991DF53D731237C8D4F147 /* Pods_APP_BaresdeMadrid.framework */ = {isa = PBXFileReference; explicitFileType = wrapper.framework; includeInIndex = 0; path = Pods_APP_BaresdeMadrid.framework; sourceTree = BUILT_PRODUCTS_DIR; };
		88B1AD091E63713700E0D324 /* APP_BaresdeMadrid.app */ = {isa = PBXFileReference; explicitFileType = wrapper.application; includeInIndex = 0; path = APP_BaresdeMadrid.app; sourceTree = BUILT_PRODUCTS_DIR; };
		88B1AD0C1E63713700E0D324 /* AppDelegate.swift */ = {isa = PBXFileReference; lastKnownFileType = sourcecode.swift; path = AppDelegate.swift; sourceTree = "<group>"; };
		88B1AD0E1E63713700E0D324 /* BMPosicionActualViewController.swift */ = {isa = PBXFileReference; lastKnownFileType = sourcecode.swift; path = BMPosicionActualViewController.swift; sourceTree = "<group>"; };
		88B1AD111E63713700E0D324 /* Base */ = {isa = PBXFileReference; lastKnownFileType = file.storyboard; name = Base; path = Base.lproj/Main.storyboard; sourceTree = "<group>"; };
		88B1AD131E63713700E0D324 /* Assets.xcassets */ = {isa = PBXFileReference; lastKnownFileType = folder.assetcatalog; path = Assets.xcassets; sourceTree = "<group>"; };
		88B1AD161E63713700E0D324 /* Base */ = {isa = PBXFileReference; lastKnownFileType = file.storyboard; name = Base; path = Base.lproj/LaunchScreen.storyboard; sourceTree = "<group>"; };
		88B1AD181E63713700E0D324 /* Info.plist */ = {isa = PBXFileReference; lastKnownFileType = text.plist.xml; path = Info.plist; sourceTree = "<group>"; };
		88B1AD201E637E0700E0D324 /* bares.jpg */ = {isa = PBXFileReference; lastKnownFileType = image.jpeg; path = bares.jpg; sourceTree = "<group>"; };
/* End PBXFileReference section */

/* Begin PBXFrameworksBuildPhase section */
		88B1AD061E63713600E0D324 /* Frameworks */ = {
			isa = PBXFrameworksBuildPhase;
			buildActionMask = 2147483647;
			files = (
				093B4C831E6DE75100A769E6 /* Alamofire.framework in Frameworks */,
				093B4C841E6DE75100A769E6 /* Kingfisher.framework in Frameworks */,
				093B4C851E6DE75100A769E6 /* PKHUD.framework in Frameworks */,
				093B4C861E6DE75100A769E6 /* PromiseKit.framework in Frameworks */,
				093B4C871E6DE75100A769E6 /* SwiftyJSON.framework in Frameworks */,
				096D5AC91E64B0B6000AD5DE /* MapKit.framework in Frameworks */,
				D1F2B2567B8555C46F923EA6 /* Pods_APP_BaresdeMadrid.framework in Frameworks */,
			);
			runOnlyForDeploymentPostprocessing = 0;
		};
/* End PBXFrameworksBuildPhase section */

/* Begin PBXGroup section */
		093B4C881E6DE77A00A769E6 /* API */ = {
			isa = PBXGroup;
			children = (
				093B4C7C1E6DE4D800A769E6 /* API_UTILS.swift */,
				093B4C7A1E6DE37300A769E6 /* APIHELPERS.swift */,
				093B4C8B1E6DE8E600A769E6 /* PARSERS */,
			);
			name = API;
			sourceTree = "<group>";
		};
		093B4C8B1E6DE8E600A769E6 /* PARSERS */ = {
			isa = PBXGroup;
			children = (
				093B4C891E6DE7C500A769E6 /* BMParserNoticias.swift */,
				0943C43C1E7081AE002FD0A2 /* BMParserOmDb.swift */,
			);
			name = PARSERS;
			sourceTree = "<group>";
		};
		093B4C8E1E6DEB1500A769E6 /* MODELS */ = {
			isa = PBXGroup;
			children = (
				093B4C8C1E6DEA5500A769E6 /* BMNoticiasModel.swift */,
				093B4C981E6E026C00A769E6 /* BMImdbModel.swift */,
			);
			name = MODELS;
			sourceTree = "<group>";
		};
		093B4C8F1E6DF33A00A769E6 /* VIEWS_CONTROLLERS */ = {
			isa = PBXGroup;
			children = (
				88B1AD0E1E63713700E0D324 /* BMPosicionActualViewController.swift */,
				0943C4451E708693002FD0A2 /* JSON_POSTERS */,
				0943C43E1E7085E5002FD0A2 /* JSON_NOTICIAS */,
			);
			name = VIEWS_CONTROLLERS;
			sourceTree = "<group>";
		};
		0943C43E1E7085E5002FD0A2 /* JSON_NOTICIAS */ = {
			isa = PBXGroup;
			children = (
				093B4C901E6DF37200A769E6 /* BMListaNoticiasTableViewController.swift */,
				093B4C941E6DF3C300A769E6 /* BMNoticiaCustomCell.swift */,
				093B4C951E6DF3C300A769E6 /* BMNoticiaCustomCell.xib */,
			);
			name = JSON_NOTICIAS;
			sourceTree = "<group>";
		};
		0943C4451E708693002FD0A2 /* JSON_POSTERS */ = {
			isa = PBXGroup;
			children = (
				0943C43F1E708658002FD0A2 /* BMOmdbTableViewController.swift */,
				0943C4411E708689002FD0A2 /* BMPosterOmdbCustomCell.swift */,
				0943C4421E708689002FD0A2 /* BMPosterOmdbCustomCell.xib */,
			);
			name = JSON_POSTERS;
			sourceTree = "<group>";
		};
		096D5AC61E64AA59000AD5DE /* OBJ-C */ = {
			isa = PBXGroup;
			children = (
				096D5AC31E64A9D0000AD5DE /* SWRevealViewController.h */,
				096D5AC41E64A9D0000AD5DE /* SWRevealViewController.m */,
				096D5AC21E64A9CF000AD5DE /* APP_BaresdeMadrid-Bridging-Header.h */,
			);
			name = "OBJ-C";
			sourceTree = "<group>";
		};
		096D5AC71E64B0B5000AD5DE /* Frameworks */ = {
			isa = PBXGroup;
			children = (
				093B4C7E1E6DE75100A769E6 /* Alamofire.framework */,
				093B4C7F1E6DE75100A769E6 /* Kingfisher.framework */,
				093B4C801E6DE75100A769E6 /* PKHUD.framework */,
				093B4C811E6DE75100A769E6 /* PromiseKit.framework */,
				093B4C821E6DE75100A769E6 /* SwiftyJSON.framework */,
				096D5AC81E64B0B6000AD5DE /* MapKit.framework */,
				88991DF53D731237C8D4F147 /* Pods_APP_BaresdeMadrid.framework */,
			);
			name = Frameworks;
			sourceTree = "<group>";
		};
		88B1AD001E63713600E0D324 = {
			isa = PBXGroup;
			children = (
				093B4C781E6DE26A00A769E6 /* Podfile */,
				88B1AD0B1E63713700E0D324 /* App_BaresdeMadrid */,
				88B1AD0A1E63713700E0D324 /* Products */,
				096D5AC71E64B0B5000AD5DE /* Frameworks */,
				DFF57544ECB893EF327B3275 /* Pods */,
			);
			sourceTree = "<group>";
		};
		88B1AD0A1E63713700E0D324 /* Products */ = {
			isa = PBXGroup;
			children = (
				88B1AD091E63713700E0D324 /* APP_BaresdeMadrid.app */,
			);
			name = Products;
			sourceTree = "<group>";
		};
		88B1AD0B1E63713700E0D324 /* App_BaresdeMadrid */ = {
			isa = PBXGroup;
			children = (
				88B1AD0C1E63713700E0D324 /* AppDelegate.swift */,
				093B4C8E1E6DEB1500A769E6 /* MODELS */,
				093B4C881E6DE77A00A769E6 /* API */,
				096D5AC61E64AA59000AD5DE /* OBJ-C */,
				093B4C8F1E6DF33A00A769E6 /* VIEWS_CONTROLLERS */,
				88B1AD221E637E0B00E0D324 /* SRC */,
				88B1AD101E63713700E0D324 /* Main.storyboard */,
				88B1AD131E63713700E0D324 /* Assets.xcassets */,
				88B1AD151E63713700E0D324 /* LaunchScreen.storyboard */,
				88B1AD181E63713700E0D324 /* Info.plist */,
			);
			name = App_BaresdeMadrid;
			path = APP_BaresdeMadrid;
			sourceTree = "<group>";
		};
		88B1AD221E637E0B00E0D324 /* SRC */ = {
			isa = PBXGroup;
			children = (
				88B1AD201E637E0700E0D324 /* bares.jpg */,
			);
			name = SRC;
			sourceTree = "<group>";
		};
		DFF57544ECB893EF327B3275 /* Pods */ = {
			isa = PBXGroup;
			children = (
				6EE2C812FB9E75B8EC934AA4 /* Pods-APP_BaresdeMadrid.debug.xcconfig */,
				59AD794961C13BFC1235D1E8 /* Pods-APP_BaresdeMadrid.release.xcconfig */,
			);
			name = Pods;
			sourceTree = "<group>";
		};
/* End PBXGroup section */

/* Begin PBXNativeTarget section */
		88B1AD081E63713600E0D324 /* APP_BaresdeMadrid */ = {
			isa = PBXNativeTarget;
			buildConfigurationList = 88B1AD1B1E63713700E0D324 /* Build configuration list for PBXNativeTarget "APP_BaresdeMadrid" */;
			buildPhases = (
				7D31FFE5A28F75C70BC292D7 /* [CP] Check Pods Manifest.lock */,
				88B1AD051E63713600E0D324 /* Sources */,
				88B1AD061E63713600E0D324 /* Frameworks */,
				88B1AD071E63713600E0D324 /* Resources */,
				74CB37FC4C7CABB08AB86581 /* [CP] Embed Pods Frameworks */,
				7BF68B8B7292CDBAB73B0530 /* [CP] Copy Pods Resources */,
			);
			buildRules = (
			);
			dependencies = (
			);
			name = APP_BaresdeMadrid;
			productName = APP_BaresdeMadrid;
			productReference = 88B1AD091E63713700E0D324 /* APP_BaresdeMadrid.app */;
			productType = "com.apple.product-type.application";
		};
/* End PBXNativeTarget section */

/* Begin PBXProject section */
		88B1AD011E63713600E0D324 /* Project object */ = {
			isa = PBXProject;
			attributes = {
				LastSwiftUpdateCheck = 0820;
				LastUpgradeCheck = 0820;
				ORGANIZATIONNAME = JC;
				TargetAttributes = {
					88B1AD081E63713600E0D324 = {
						CreatedOnToolsVersion = 8.2.1;
						LastSwiftMigration = 0820;
						ProvisioningStyle = Automatic;
					};
				};
			};
			buildConfigurationList = 88B1AD041E63713600E0D324 /* Build configuration list for PBXProject "APP_BaresdeMadrid" */;
			compatibilityVersion = "Xcode 3.2";
			developmentRegion = English;
			hasScannedForEncodings = 0;
			knownRegions = (
				en,
				Base,
			);
			mainGroup = 88B1AD001E63713600E0D324;
			productRefGroup = 88B1AD0A1E63713700E0D324 /* Products */;
			projectDirPath = "";
			projectRoot = "";
			targets = (
				88B1AD081E63713600E0D324 /* APP_BaresdeMadrid */,
			);
		};
/* End PBXProject section */

/* Begin PBXResourcesBuildPhase section */
		88B1AD071E63713600E0D324 /* Resources */ = {
			isa = PBXResourcesBuildPhase;
			buildActionMask = 2147483647;
			files = (
				0943C4441E708689002FD0A2 /* BMPosterOmdbCustomCell.xib in Resources */,
				093B4C791E6DE26A00A769E6 /* Podfile in Resources */,
				093B4C971E6DF3C300A769E6 /* BMNoticiaCustomCell.xib in Resources */,
				88B1AD171E63713700E0D324 /* LaunchScreen.storyboard in Resources */,
				88B1AD211E637E0700E0D324 /* bares.jpg in Resources */,
				88B1AD141E63713700E0D324 /* Assets.xcassets in Resources */,
				88B1AD121E63713700E0D324 /* Main.storyboard in Resources */,
			);
			runOnlyForDeploymentPostprocessing = 0;
		};
/* End PBXResourcesBuildPhase section */

/* Begin PBXShellScriptBuildPhase section */
		74CB37FC4C7CABB08AB86581 /* [CP] Embed Pods Frameworks */ = {
			isa = PBXShellScriptBuildPhase;
			buildActionMask = 2147483647;
			files = (
			);
			inputPaths = (
			);
			name = "[CP] Embed Pods Frameworks";
			outputPaths = (
			);
			runOnlyForDeploymentPostprocessing = 0;
			shellPath = /bin/sh;
			shellScript = "\"${SRCROOT}/Pods/Target Support Files/Pods-APP_BaresdeMadrid/Pods-APP_BaresdeMadrid-frameworks.sh\"\n";
			showEnvVarsInLog = 0;
		};
		7BF68B8B7292CDBAB73B0530 /* [CP] Copy Pods Resources */ = {
			isa = PBXShellScriptBuildPhase;
			buildActionMask = 2147483647;
			files = (
			);
			inputPaths = (
			);
			name = "[CP] Copy Pods Resources";
			outputPaths = (
			);
			runOnlyForDeploymentPostprocessing = 0;
			shellPath = /bin/sh;
			shellScript = "\"${SRCROOT}/Pods/Target Support Files/Pods-APP_BaresdeMadrid/Pods-APP_BaresdeMadrid-resources.sh\"\n";
			showEnvVarsInLog = 0;
		};
		7D31FFE5A28F75C70BC292D7 /* [CP] Check Pods Manifest.lock */ = {
			isa = PBXShellScriptBuildPhase;
			buildActionMask = 2147483647;
			files = (
			);
			inputPaths = (
			);
			name = "[CP] Check Pods Manifest.lock";
			outputPaths = (
			);
			runOnlyForDeploymentPostprocessing = 0;
			shellPath = /bin/sh;
			shellScript = "diff \"${PODS_ROOT}/../Podfile.lock\" \"${PODS_ROOT}/Manifest.lock\" > /dev/null\nif [ $? != 0 ] ; then\n    # print error to STDERR\n    echo \"error: The sandbox is not in sync with the Podfile.lock. Run 'pod install' or update your CocoaPods installation.\" >&2\n    exit 1\nfi\n";
			showEnvVarsInLog = 0;
		};
/* End PBXShellScriptBuildPhase section */

/* Begin PBXSourcesBuildPhase section */
		88B1AD051E63713600E0D324 /* Sources */ = {
			isa = PBXSourcesBuildPhase;
			buildActionMask = 2147483647;
			files = (
				093B4C991E6E026C00A769E6 /* BMImdbModel.swift in Sources */,
				093B4C911E6DF37200A769E6 /* BMListaNoticiasTableViewController.swift in Sources */,
				093B4C961E6DF3C300A769E6 /* BMNoticiaCustomCell.swift in Sources */,
				093B4C8D1E6DEA5500A769E6 /* BMNoticiasModel.swift in Sources */,
				88B1AD0F1E63713700E0D324 /* BMPosicionActualViewController.swift in Sources */,
				88B1AD0D1E63713700E0D324 /* AppDelegate.swift in Sources */,
				093B4C7D1E6DE4D800A769E6 /* API_UTILS.swift in Sources */,
				0943C43D1E7081AE002FD0A2 /* BMParserOmDb.swift in Sources */,
				093B4C8A1E6DE7C500A769E6 /* BMParserNoticias.swift in Sources */,
				093B4C7B1E6DE37300A769E6 /* APIHELPERS.swift in Sources */,
				0943C4401E708658002FD0A2 /* BMOmdbTableViewController.swift in Sources */,
				0943C4431E708689002FD0A2 /* BMPosterOmdbCustomCell.swift in Sources */,
				096D5AC51E64A9D0000AD5DE /* SWRevealViewController.m in Sources */,
			);
			runOnlyForDeploymentPostprocessing = 0;
		};
/* End PBXSourcesBuildPhase section */

/* Begin PBXVariantGroup section */
		88B1AD101E63713700E0D324 /* Main.storyboard */ = {
			isa = PBXVariantGroup;
			children = (
				88B1AD111E63713700E0D324 /* Base */,
			);
			name = Main.storyboard;
			sourceTree = "<group>";
		};
		88B1AD151E63713700E0D324 /* LaunchScreen.storyboard */ = {
			isa = PBXVariantGroup;
			children = (
				88B1AD161E63713700E0D324 /* Base */,
			);
			name = LaunchScreen.storyboard;
			sourceTree = "<group>";
		};
/* End PBXVariantGroup section */

/* Begin XCBuildConfiguration section */
		88B1AD191E63713700E0D324 /* Debug */ = {
			isa = XCBuildConfiguration;
			buildSettings = {
				ALWAYS_SEARCH_USER_PATHS = NO;
				CLANG_ANALYZER_NONNULL = YES;
				CLANG_CXX_LANGUAGE_STANDARD = "gnu++0x";
				CLANG_CXX_LIBRARY = "libc++";
				CLANG_ENABLE_MODULES = YES;
				CLANG_ENABLE_OBJC_ARC = YES;
				CLANG_WARN_BOOL_CONVERSION = YES;
				CLANG_WARN_CONSTANT_CONVERSION = YES;
				CLANG_WARN_DIRECT_OBJC_ISA_USAGE = YES_ERROR;
				CLANG_WARN_DOCUMENTATION_COMMENTS = YES;
				CLANG_WARN_EMPTY_BODY = YES;
				CLANG_WARN_ENUM_CONVERSION = YES;
				CLANG_WARN_INFINITE_RECURSION = YES;
				CLANG_WARN_INT_CONVERSION = YES;
				CLANG_WARN_OBJC_ROOT_CLASS = YES_ERROR;
				CLANG_WARN_SUSPICIOUS_MOVE = YES;
				CLANG_WARN_UNREACHABLE_CODE = YES;
				CLANG_WARN__DUPLICATE_METHOD_MATCH = YES;
				"CODE_SIGN_IDENTITY[sdk=iphoneos*]" = "iPhone Developer";
				COPY_PHASE_STRIP = NO;
				DEBUG_INFORMATION_FORMAT = dwarf;
				ENABLE_STRICT_OBJC_MSGSEND = YES;
				ENABLE_TESTABILITY = YES;
				GCC_C_LANGUAGE_STANDARD = gnu99;
				GCC_DYNAMIC_NO_PIC = NO;
				GCC_NO_COMMON_BLOCKS = YES;
				GCC_OPTIMIZATION_LEVEL = 0;
				GCC_PREPROCESSOR_DEFINITIONS = (
					"DEBUG=1",
					"$(inherited)",
				);
				GCC_WARN_64_TO_32_BIT_CONVERSION = YES;
				GCC_WARN_ABOUT_RETURN_TYPE = YES_ERROR;
				GCC_WARN_UNDECLARED_SELECTOR = YES;
				GCC_WARN_UNINITIALIZED_AUTOS = YES_AGGRESSIVE;
				GCC_WARN_UNUSED_FUNCTION = YES;
				GCC_WARN_UNUSED_VARIABLE = YES;
				IPHONEOS_DEPLOYMENT_TARGET = 10.2;
				MTL_ENABLE_DEBUG_INFO = YES;
				ONLY_ACTIVE_ARCH = YES;
				SDKROOT = iphoneos;
				SWIFT_ACTIVE_COMPILATION_CONDITIONS = DEBUG;
				SWIFT_OPTIMIZATION_LEVEL = "-Onone";
			};
			name = Debug;
		};
		88B1AD1A1E63713700E0D324 /* Release */ = {
			isa = XCBuildConfiguration;
			buildSettings = {
				ALWAYS_SEARCH_USER_PATHS = NO;
				CLANG_ANALYZER_NONNULL = YES;
				CLANG_CXX_LANGUAGE_STANDARD = "gnu++0x";
				CLANG_CXX_LIBRARY = "libc++";
				CLANG_ENABLE_MODULES = YES;
				CLANG_ENABLE_OBJC_ARC = YES;
				CLANG_WARN_BOOL_CONVERSION = YES;
				CLANG_WARN_CONSTANT_CONVERSION = YES;
				CLANG_WARN_DIRECT_OBJC_ISA_USAGE = YES_ERROR;
				CLANG_WARN_DOCUMENTATION_COMMENTS = YES;
				CLANG_WARN_EMPTY_BODY = YES;
				CLANG_WARN_ENUM_CONVERSION = YES;
				CLANG_WARN_INFINITE_RECURSION = YES;
				CLANG_WARN_INT_CONVERSION = YES;
				CLANG_WARN_OBJC_ROOT_CLASS = YES_ERROR;
				CLANG_WARN_SUSPICIOUS_MOVE = YES;
				CLANG_WARN_UNREACHABLE_CODE = YES;
				CLANG_WARN__DUPLICATE_METHOD_MATCH = YES;
				"CODE_SIGN_IDENTITY[sdk=iphoneos*]" = "iPhone Developer";
				COPY_PHASE_STRIP = NO;
				DEBUG_INFORMATION_FORMAT = "dwarf-with-dsym";
				ENABLE_NS_ASSERTIONS = NO;
				ENABLE_STRICT_OBJC_MSGSEND = YES;
				GCC_C_LANGUAGE_STANDARD = gnu99;
				GCC_NO_COMMON_BLOCKS = YES;
				GCC_WARN_64_TO_32_BIT_CONVERSION = YES;
				GCC_WARN_ABOUT_RETURN_TYPE = YES_ERROR;
				GCC_WARN_UNDECLARED_SELECTOR = YES;
				GCC_WARN_UNINITIALIZED_AUTOS = YES_AGGRESSIVE;
				GCC_WARN_UNUSED_FUNCTION = YES;
				GCC_WARN_UNUSED_VARIABLE = YES;
				IPHONEOS_DEPLOYMENT_TARGET = 10.2;
				MTL_ENABLE_DEBUG_INFO = NO;
				SDKROOT = iphoneos;
				SWIFT_OPTIMIZATION_LEVEL = "-Owholemodule";
				VALIDATE_PRODUCT = YES;
			};
			name = Release;
		};
		88B1AD1C1E63713700E0D324 /* Debug */ = {
			isa = XCBuildConfiguration;
			baseConfigurationReference = 6EE2C812FB9E75B8EC934AA4 /* Pods-APP_BaresdeMadrid.debug.xcconfig */;
			buildSettings = {
				ASSETCATALOG_COMPILER_APPICON_NAME = AppIcon;
				CLANG_ENABLE_MODULES = YES;
				INFOPLIST_FILE = APP_BaresdeMadrid/Info.plist;
				LD_RUNPATH_SEARCH_PATHS = "$(inherited) @executable_path/Frameworks";
				PRODUCT_BUNDLE_IDENTIFIER = "APP-BaresdeMadrid";
				PRODUCT_NAME = "$(TARGET_NAME)";
				SWIFT_OBJC_BRIDGING_HEADER = "APP_BaresdeMadrid/APP_BaresdeMadrid-Bridging-Header.h";
				SWIFT_OPTIMIZATION_LEVEL = "-Onone";
				SWIFT_VERSION = 3.0;
			};
			name = Debug;
		};
		88B1AD1D1E63713700E0D324 /* Release */ = {
			isa = XCBuildConfiguration;
			baseConfigurationReference = 59AD794961C13BFC1235D1E8 /* Pods-APP_BaresdeMadrid.release.xcconfig */;
			buildSettings = {
				ASSETCATALOG_COMPILER_APPICON_NAME = AppIcon;
				CLANG_ENABLE_MODULES = YES;
				INFOPLIST_FILE = APP_BaresdeMadrid/Info.plist;
				LD_RUNPATH_SEARCH_PATHS = "$(inherited) @executable_path/Frameworks";
				PRODUCT_BUNDLE_IDENTIFIER = "APP-BaresdeMadrid";
				PRODUCT_NAME = "$(TARGET_NAME)";
				SWIFT_OBJC_BRIDGING_HEADER = "APP_BaresdeMadrid/APP_BaresdeMadrid-Bridging-Header.h";
				SWIFT_VERSION = 3.0;
			};
			name = Release;
		};
/* End XCBuildConfiguration section */

/* Begin XCConfigurationList section */
		88B1AD041E63713600E0D324 /* Build configuration list for PBXProject "APP_BaresdeMadrid" */ = {
			isa = XCConfigurationList;
			buildConfigurations = (
				88B1AD191E63713700E0D324 /* Debug */,
				88B1AD1A1E63713700E0D324 /* Release */,
			);
			defaultConfigurationIsVisible = 0;
			defaultConfigurationName = Release;
		};
		88B1AD1B1E63713700E0D324 /* Build configuration list for PBXNativeTarget "APP_BaresdeMadrid" */ = {
			isa = XCConfigurationList;
			buildConfigurations = (
				88B1AD1C1E63713700E0D324 /* Debug */,
				88B1AD1D1E63713700E0D324 /* Release */,
			);
			defaultConfigurationIsVisible = 0;
			defaultConfigurationName = Release;
		};
/* End XCConfigurationList section */
	};
	rootObject = 88B1AD011E63713600E0D324 /* Project object */;
}
