// !$*UTF8*$!
{
	archiveVersion = 1;
	classes = {
	};
	objectVersion = 46;
	objects = {

/* Begin PBXBuildFile section */
		88B1AD0D1E63713700E0D324 /* AppDelegate.swift in Sources */ = {isa = PBXBuildFile; fileRef = 88B1AD0C1E63713700E0D324 /* AppDelegate.swift */; };
		88B1AD0F1E63713700E0D324 /* ViewController.swift in Sources */ = {isa = PBXBuildFile; fileRef = 88B1AD0E1E63713700E0D324 /* ViewController.swift */; };
		88B1AD121E63713700E0D324 /* Main.storyboard in Resources */ = {isa = PBXBuildFile; fileRef = 88B1AD101E63713700E0D324 /* Main.storyboard */; };
		88B1AD141E63713700E0D324 /* Assets.xcassets in Resources */ = {isa = PBXBuildFile; fileRef = 88B1AD131E63713700E0D324 /* Assets.xcassets */; };
		88B1AD171E63713700E0D324 /* LaunchScreen.storyboard in Resources */ = {isa = PBXBuildFile; fileRef = 88B1AD151E63713700E0D324 /* LaunchScreen.storyboard */; };
/* End PBXBuildFile section */

/* Begin PBXFileReference section */
		88B1AD091E63713700E0D324 /* APP_BaresdeMadrid.app */ = {isa = PBXFileReference; explicitFileType = wrapper.application; includeInIndex = 0; path = APP_BaresdeMadrid.app; sourceTree = BUILT_PRODUCTS_DIR; };
		88B1AD0C1E63713700E0D324 /* AppDelegate.swift */ = {isa = PBXFileReference; lastKnownFileType = sourcecode.swift; path = AppDelegate.swift; sourceTree = "<group>"; };
		88B1AD0E1E63713700E0D324 /* ViewController.swift */ = {isa = PBXFileReference; lastKnownFileType = sourcecode.swift; path = ViewController.swift; sourceTree = "<group>"; };
		88B1AD111E63713700E0D324 /* Base */ = {isa = PBXFileReference; lastKnownFileType = file.storyboard; name = Base; path = Base.lproj/Main.storyboard; sourceTree = "<group>"; };
		88B1AD131E63713700E0D324 /* Assets.xcassets */ = {isa = PBXFileReference; lastKnownFileType = folder.assetcatalog; path = Assets.xcassets; sourceTree = "<group>"; };
		88B1AD161E63713700E0D324 /* Base */ = {isa = PBXFileReference; lastKnownFileType = file.storyboard; name = Base; path = Base.lproj/LaunchScreen.storyboard; sourceTree = "<group>"; };
		88B1AD181E63713700E0D324 /* Info.plist */ = {isa = PBXFileReference; lastKnownFileType = text.plist.xml; path = Info.plist; sourceTree = "<group>"; };
/* End PBXFileReference section */

/* Begin PBXFrameworksBuildPhase section */
		88B1AD061E63713600E0D324 /* Frameworks */ = {
			isa = PBXFrameworksBuildPhase;
			buildActionMask = 2147483647;
			files = (
			);
			runOnlyForDeploymentPostprocessing = 0;
		};
/* End PBXFrameworksBuildPhase section */

/* Begin PBXGroup section */
		88B1AD001E63713600E0D324 = {
			isa = PBXGroup;
			children = (
				88B1AD0B1E63713700E0D324 /* APP_BaresdeMadrid */,
				88B1AD0A1E63713700E0D324 /* Products */,
			);
			sourceTree = "<group>";
		};
		88B1AD0A1E63713700E0D324 /* Products */ = {
			isa = PBXGroup;
			children = (
				88B1AD091E63713700E0D324 /* APP_BaresdeMadrid.app */,
			);
			name = Products;
			sourceTree = "<group>";
		};
		88B1AD0B1E63713700E0D324 /* APP_BaresdeMadrid */ = {
			isa = PBXGroup;
			children = (
				88B1AD0C1E63713700E0D324 /* AppDelegate.swift */,
				88B1AD0E1E63713700E0D324 /* ViewController.swift */,
				88B1AD101E63713700E0D324 /* Main.storyboard */,
				88B1AD131E63713700E0D324 /* Assets.xcassets */,
				88B1AD151E63713700E0D324 /* LaunchScreen.storyboard */,
				88B1AD181E63713700E0D324 /* Info.plist */,
			);
			path = APP_BaresdeMadrid;
			sourceTree = "<group>";
		};
/* End PBXGroup section */

/* Begin PBXNativeTarget section */
		88B1AD081E63713600E0D324 /* APP_BaresdeMadrid */ = {
			isa = PBXNativeTarget;
			buildConfigurationList = 88B1AD1B1E63713700E0D324 /* Build configuration list for PBXNativeTarget "APP_BaresdeMadrid" */;
			buildPhases = (
				88B1AD051E63713600E0D324 /* Sources */,
				88B1AD061E63713600E0D324 /* Frameworks */,
				88B1AD071E63713600E0D324 /* Resources */,
			);
			buildRules = (
			);
			dependencies = (
			);
			name = APP_BaresdeMadrid;
			productName = APP_BaresdeMadrid;
			productReference = 88B1AD091E63713700E0D324 /* APP_BaresdeMadrid.app */;
			productType = "com.apple.product-type.application";
		};
/* End PBXNativeTarget section */

/* Begin PBXProject section */
		88B1AD011E63713600E0D324 /* Project object */ = {
			isa = PBXProject;
			attributes = {
				LastSwiftUpdateCheck = 0820;
				LastUpgradeCheck = 0820;
				ORGANIZATIONNAME = JC;
				TargetAttributes = {
					88B1AD081E63713600E0D324 = {
						CreatedOnToolsVersion = 8.2.1;
						ProvisioningStyle = Automatic;
					};
				};
			};
			buildConfigurationList = 88B1AD041E63713600E0D324 /* Build configuration list for PBXProject "APP_BaresdeMadrid" */;
			compatibilityVersion = "Xcode 3.2";
			developmentRegion = English;
			hasScannedForEncodings = 0;
			knownRegions = (
				en,
				Base,
			);
			mainGroup = 88B1AD001E63713600E0D324;
			productRefGroup = 88B1AD0A1E63713700E0D324 /* Products */;
			projectDirPath = "";
			projectRoot = "";
			targets = (
				88B1AD081E63713600E0D324 /* APP_BaresdeMadrid */,
			);
		};
/* End PBXProject section */

/* Begin PBXResourcesBuildPhase section */
		88B1AD071E63713600E0D324 /* Resources */ = {
			isa = PBXResourcesBuildPhase;
			buildActionMask = 2147483647;
			files = (
				88B1AD171E63713700E0D324 /* LaunchScreen.storyboard in Resources */,
				88B1AD141E63713700E0D324 /* Assets.xcassets in Resources */,
				88B1AD121E63713700E0D324 /* Main.storyboard in Resources */,
			);
			runOnlyForDeploymentPostprocessing = 0;
		};
/* End PBXResourcesBuildPhase section */

/* Begin PBXSourcesBuildPhase section */
		88B1AD051E63713600E0D324 /* Sources */ = {
			isa = PBXSourcesBuildPhase;
			buildActionMask = 2147483647;
			files = (
				88B1AD0F1E63713700E0D324 /* ViewController.swift in Sources */,
				88B1AD0D1E63713700E0D324 /* AppDelegate.swift in Sources */,
			);
			runOnlyForDeploymentPostprocessing = 0;
		};
/* End PBXSourcesBuildPhase section */

/* Begin PBXVariantGroup section */
		88B1AD101E63713700E0D324 /* Main.storyboard */ = {
			isa = PBXVariantGroup;
			children = (
				88B1AD111E63713700E0D324 /* Base */,
			);
			name = Main.storyboard;
			sourceTree = "<group>";
		};
		88B1AD151E63713700E0D324 /* LaunchScreen.storyboard */ = {
			isa = PBXVariantGroup;
			children = (
				88B1AD161E63713700E0D324 /* Base */,
			);
			name = LaunchScreen.storyboard;
			sourceTree = "<group>";
		};
/* End PBXVariantGroup section */

/* Begin XCBuildConfiguration section */
		88B1AD191E63713700E0D324 /* Debug */ = {
			isa = XCBuildConfiguration;
			buildSettings = {
				ALWAYS_SEARCH_USER_PATHS = NO;
				CLANG_ANALYZER_NONNULL = YES;
				CLANG_CXX_LANGUAGE_STANDARD = "gnu++0x";
				CLANG_CXX_LIBRARY = "libc++";
				CLANG_ENABLE_MODULES = YES;
				CLANG_ENABLE_OBJC_ARC = YES;
				CLANG_WARN_BOOL_CONVERSION = YES;
				CLANG_WARN_CONSTANT_CONVERSION = YES;
				CLANG_WARN_DIRECT_OBJC_ISA_USAGE = YES_ERROR;
				CLANG_WARN_DOCUMENTATION_COMMENTS = YES;
				CLANG_WARN_EMPTY_BODY = YES;
				CLANG_WARN_ENUM_CONVERSION = YES;
				CLANG_WARN_INFINITE_RECURSION = YES;
				CLANG_WARN_INT_CONVERSION = YES;
				CLANG_WARN_OBJC_ROOT_CLASS = YES_ERROR;
				CLANG_WARN_SUSPICIOUS_MOVE = YES;
				CLANG_WARN_UNREACHABLE_CODE = YES;
				CLANG_WARN__DUPLICATE_METHOD_MATCH = YES;
				"CODE_SIGN_IDENTITY[sdk=iphoneos*]" = "iPhone Developer";
				COPY_PHASE_STRIP = NO;
				DEBUG_INFORMATION_FORMAT = dwarf;
				ENABLE_STRICT_OBJC_MSGSEND = YES;
				ENABLE_TESTABILITY = YES;
				GCC_C_LANGUAGE_STANDARD = gnu99;
				GCC_DYNAMIC_NO_PIC = NO;
				GCC_NO_COMMON_BLOCKS = YES;
				GCC_OPTIMIZATION_LEVEL = 0;
				GCC_PREPROCESSOR_DEFINITIONS = (
					"DEBUG=1",
					"$(inherited)",
				);
				GCC_WARN_64_TO_32_BIT_CONVERSION = YES;
				GCC_WARN_ABOUT_RETURN_TYPE = YES_ERROR;
				GCC_WARN_UNDECLARED_SELECTOR = YES;
				GCC_WARN_UNINITIALIZED_AUTOS = YES_AGGRESSIVE;
				GCC_WARN_UNUSED_FUNCTION = YES;
				GCC_WARN_UNUSED_VARIABLE = YES;
				IPHONEOS_DEPLOYMENT_TARGET = 10.2;
				MTL_ENABLE_DEBUG_INFO = YES;
				ONLY_ACTIVE_ARCH = YES;
				SDKROOT = iphoneos;
				SWIFT_ACTIVE_COMPILATION_CONDITIONS = DEBUG;
				SWIFT_OPTIMIZATION_LEVEL = "-Onone";
			};
			name = Debug;
		};
		88B1AD1A1E63713700E0D324 /* Release */ = {
			isa = XCBuildConfiguration;
			buildSettings = {
				ALWAYS_SEARCH_USER_PATHS = NO;
				CLANG_ANALYZER_NONNULL = YES;
				CLANG_CXX_LANGUAGE_STANDARD = "gnu++0x";
				CLANG_CXX_LIBRARY = "libc++";
				CLANG_ENABLE_MODULES = YES;
				CLANG_ENABLE_OBJC_ARC = YES;
				CLANG_WARN_BOOL_CONVERSION = YES;
				CLANG_WARN_CONSTANT_CONVERSION = YES;
				CLANG_WARN_DIRECT_OBJC_ISA_USAGE = YES_ERROR;
				CLANG_WARN_DOCUMENTATION_COMMENTS = YES;
				CLANG_WARN_EMPTY_BODY = YES;
				CLANG_WARN_ENUM_CONVERSION = YES;
				CLANG_WARN_INFINITE_RECURSION = YES;
				CLANG_WARN_INT_CONVERSION = YES;
				CLANG_WARN_OBJC_ROOT_CLASS = YES_ERROR;
				CLANG_WARN_SUSPICIOUS_MOVE = YES;
				CLANG_WARN_UNREACHABLE_CODE = YES;
				CLANG_WARN__DUPLICATE_METHOD_MATCH = YES;
				"CODE_SIGN_IDENTITY[sdk=iphoneos*]" = "iPhone Developer";
				COPY_PHASE_STRIP = NO;
				DEBUG_INFORMATION_FORMAT = "dwarf-with-dsym";
				ENABLE_NS_ASSERTIONS = NO;
				ENABLE_STRICT_OBJC_MSGSEND = YES;
				GCC_C_LANGUAGE_STANDARD = gnu99;
				GCC_NO_COMMON_BLOCKS = YES;
				GCC_WARN_64_TO_32_BIT_CONVERSION = YES;
				GCC_WARN_ABOUT_RETURN_TYPE = YES_ERROR;
				GCC_WARN_UNDECLARED_SELECTOR = YES;
				GCC_WARN_UNINITIALIZED_AUTOS = YES_AGGRESSIVE;
				GCC_WARN_UNUSED_FUNCTION = YES;
				GCC_WARN_UNUSED_VARIABLE = YES;
				IPHONEOS_DEPLOYMENT_TARGET = 10.2;
				MTL_ENABLE_DEBUG_INFO = NO;
				SDKROOT = iphoneos;
				SWIFT_OPTIMIZATION_LEVEL = "-Owholemodule";
				VALIDATE_PRODUCT = YES;
			};
			name = Release;
		};
		88B1AD1C1E63713700E0D324 /* Debug */ = {
			isa = XCBuildConfiguration;
			buildSettings = {
				ASSETCATALOG_COMPILER_APPICON_NAME = AppIcon;
				INFOPLIST_FILE = APP_BaresdeMadrid/Info.plist;
				LD_RUNPATH_SEARCH_PATHS = "$(inherited) @executable_path/Frameworks";
				PRODUCT_BUNDLE_IDENTIFIER = "JC.APP-BaresdeMadrid";
				PRODUCT_NAME = "$(TARGET_NAME)";
				SWIFT_VERSION = 3.0;
			};
			name = Debug;
		};
		88B1AD1D1E63713700E0D324 /* Release */ = {
			isa = XCBuildConfiguration;
			buildSettings = {
				ASSETCATALOG_COMPILER_APPICON_NAME = AppIcon;
				INFOPLIST_FILE = APP_BaresdeMadrid/Info.plist;
				LD_RUNPATH_SEARCH_PATHS = "$(inherited) @executable_path/Frameworks";
				PRODUCT_BUNDLE_IDENTIFIER = "JC.APP-BaresdeMadrid";
				PRODUCT_NAME = "$(TARGET_NAME)";
				SWIFT_VERSION = 3.0;
			};
			name = Release;
		};
/* End XCBuildConfiguration section */

/* Begin XCConfigurationList section */
		88B1AD041E63713600E0D324 /* Build configuration list for PBXProject "APP_BaresdeMadrid" */ = {
			isa = XCConfigurationList;
			buildConfigurations = (
				88B1AD191E63713700E0D324 /* Debug */,
				88B1AD1A1E63713700E0D324 /* Release */,
			);
			defaultConfigurationIsVisible = 0;
			defaultConfigurationName = Release;
		};
		88B1AD1B1E63713700E0D324 /* Build configuration list for PBXNativeTarget "APP_BaresdeMadrid" */ = {
			isa = XCConfigurationList;
			buildConfigurations = (
				88B1AD1C1E63713700E0D324 /* Debug */,
				88B1AD1D1E63713700E0D324 /* Release */,
			);
			defaultConfigurationIsVisible = 0;
		};
/* End XCConfigurationList section */
	};
	rootObject = 88B1AD011E63713600E0D324 /* Project object */;
}
